
Microsoft Visual Studio Solution File, Format Version 12.00
# Visual Studio Version 16
VisualStudioVersion = 16.0.31129.286
MinimumVisualStudioVersion = 10.0.40219.1
Project("{9A19103F-16F7-4668-BE54-9A1E7A4F7556}") = "QuestionMark", "QuestionMark\QuestionMark.csproj", "{62A8A882-012D-475F-8C7D-1694237A904F}"
EndProject
Project("{9A19103F-16F7-4668-BE54-9A1E7A4F7556}") = "ForeachWhile", "ForeachWhile\ForeachWhile.csproj", "{A5DCE2B9-B0AB-495B-9425-A328E65AD8DC}"
EndProject
Project("{9A19103F-16F7-4668-BE54-9A1E7A4F7556}") = "RefOut", "RefOut\RefOut.csproj", "{F914551C-9F1F-43F6-9DDB-1D3DFD59AA13}"
EndProject
Project("{9A19103F-16F7-4668-BE54-9A1E7A4F7556}") = "SwitchCase", "SwitchCase\SwitchCase.csproj", "{083CBD83-8C79-4078-88BF-3EA370DCEB6E}"
EndProject
Project("{9A19103F-16F7-4668-BE54-9A1E7A4F7556}") = "RegexTryParse", "RegexTryParse\RegexTryParse.csproj", "{C262EA18-F2E1-455A-9730-0914C4290F48}"
EndProject
Project("{9A19103F-16F7-4668-BE54-9A1E7A4F7556}") = "PartialClass", "PartialClass\PartialClass.csproj", "{9B34825F-ED75-4546-9759-294C6586676A}"
EndProject
Project("{9A19103F-16F7-4668-BE54-9A1E7A4F7556}") = "ArgumentAndParams", "ArgumentAndParams\ArgumentAndParams.csproj", "{3F2477AE-F79F-414E-A8BB-A334F21D1C4A}"
EndProject
Project("{9A19103F-16F7-4668-BE54-9A1E7A4F7556}") = "OopAbstraction", "OopAbstraction\OopAbstraction.csproj", "{8A60F8F8-8454-4A53-B5C2-9209E677E8C0}"
EndProject
Project("{9A19103F-16F7-4668-BE54-9A1E7A4F7556}") = "OopEncapsulation", "OopEncapsulation\OopEncapsulation.csproj", "{DB543EE0-9019-471E-99DF-9B6BE256C167}"
EndProject
Project("{9A19103F-16F7-4668-BE54-9A1E7A4F7556}") = "OopEncapsulationCont", "OopEncapsulationCont\OopEncapsulationCont.csproj", "{D6D79B29-AB24-443D-A192-339D537B14F3}"
EndProject
Project("{FAE04EC0-301F-11D3-BF4B-00C04F79EFBC}") = "OopEncapsulationProperty", "OopEncapsulationProperty\OopEncapsulationProperty.csproj", "{F314100E-DEF0-4F2B-BF7E-82139A08F545}"
EndProject
Project("{FAE04EC0-301F-11D3-BF4B-00C04F79EFBC}") = "OopPolymorphismOverloading", "OopPolymorphismOverloading\OopPolymorphismOverloading.csproj", "{1E9DCE73-3EE3-485D-A569-A6682B06C20B}"
EndProject
Project("{FAE04EC0-301F-11D3-BF4B-00C04F79EFBC}") = "OopPolymorphismOverride", "OopPolymorphismOverride\OopPolymorphismOverride.csproj", "{D89955F5-F7D8-459A-8E98-C4DBFAAEB5F6}"
EndProject
Project("{FAE04EC0-301F-11D3-BF4B-00C04F79EFBC}") = "OopPolymorphismInterface", "OopPolymorphismInterface\OopPolymorphismInterface.csproj", "{4AA3D915-A8A1-45A3-842D-4608FB0B8C18}"
EndProject
Global
	GlobalSection(SolutionConfigurationPlatforms) = preSolution
		Debug|Any CPU = Debug|Any CPU
		Release|Any CPU = Release|Any CPU
	EndGlobalSection
	GlobalSection(ProjectConfigurationPlatforms) = postSolution
		{62A8A882-012D-475F-8C7D-1694237A904F}.Debug|Any CPU.ActiveCfg = Debug|Any CPU
		{62A8A882-012D-475F-8C7D-1694237A904F}.Debug|Any CPU.Build.0 = Debug|Any CPU
		{62A8A882-012D-475F-8C7D-1694237A904F}.Release|Any CPU.ActiveCfg = Release|Any CPU
		{62A8A882-012D-475F-8C7D-1694237A904F}.Release|Any CPU.Build.0 = Release|Any CPU
		{A5DCE2B9-B0AB-495B-9425-A328E65AD8DC}.Debug|Any CPU.ActiveCfg = Debug|Any CPU
		{A5DCE2B9-B0AB-495B-9425-A328E65AD8DC}.Debug|Any CPU.Build.0 = Debug|Any CPU
		{A5DCE2B9-B0AB-495B-9425-A328E65AD8DC}.Release|Any CPU.ActiveCfg = Release|Any CPU
		{A5DCE2B9-B0AB-495B-9425-A328E65AD8DC}.Release|Any CPU.Build.0 = Release|Any CPU
		{F914551C-9F1F-43F6-9DDB-1D3DFD59AA13}.Debug|Any CPU.ActiveCfg = Debug|Any CPU
		{F914551C-9F1F-43F6-9DDB-1D3DFD59AA13}.Debug|Any CPU.Build.0 = Debug|Any CPU
		{F914551C-9F1F-43F6-9DDB-1D3DFD59AA13}.Release|Any CPU.ActiveCfg = Release|Any CPU
		{F914551C-9F1F-43F6-9DDB-1D3DFD59AA13}.Release|Any CPU.Build.0 = Release|Any CPU
		{083CBD83-8C79-4078-88BF-3EA370DCEB6E}.Debug|Any CPU.ActiveCfg = Debug|Any CPU
		{083CBD83-8C79-4078-88BF-3EA370DCEB6E}.Debug|Any CPU.Build.0 = Debug|Any CPU
		{083CBD83-8C79-4078-88BF-3EA370DCEB6E}.Release|Any CPU.ActiveCfg = Release|Any CPU
		{083CBD83-8C79-4078-88BF-3EA370DCEB6E}.Release|Any CPU.Build.0 = Release|Any CPU
		{C262EA18-F2E1-455A-9730-0914C4290F48}.Debug|Any CPU.ActiveCfg = Debug|Any CPU
		{C262EA18-F2E1-455A-9730-0914C4290F48}.Debug|Any CPU.Build.0 = Debug|Any CPU
		{C262EA18-F2E1-455A-9730-0914C4290F48}.Release|Any CPU.ActiveCfg = Release|Any CPU
		{C262EA18-F2E1-455A-9730-0914C4290F48}.Release|Any CPU.Build.0 = Release|Any CPU
		{9B34825F-ED75-4546-9759-294C6586676A}.Debug|Any CPU.ActiveCfg = Debug|Any CPU
		{9B34825F-ED75-4546-9759-294C6586676A}.Debug|Any CPU.Build.0 = Debug|Any CPU
		{9B34825F-ED75-4546-9759-294C6586676A}.Release|Any CPU.ActiveCfg = Release|Any CPU
		{9B34825F-ED75-4546-9759-294C6586676A}.Release|Any CPU.Build.0 = Release|Any CPU
		{3F2477AE-F79F-414E-A8BB-A334F21D1C4A}.Debug|Any CPU.ActiveCfg = Debug|Any CPU
		{3F2477AE-F79F-414E-A8BB-A334F21D1C4A}.Debug|Any CPU.Build.0 = Debug|Any CPU
		{3F2477AE-F79F-414E-A8BB-A334F21D1C4A}.Release|Any CPU.ActiveCfg = Release|Any CPU
		{3F2477AE-F79F-414E-A8BB-A334F21D1C4A}.Release|Any CPU.Build.0 = Release|Any CPU
		{8A60F8F8-8454-4A53-B5C2-9209E677E8C0}.Debug|Any CPU.ActiveCfg = Debug|Any CPU
		{8A60F8F8-8454-4A53-B5C2-9209E677E8C0}.Debug|Any CPU.Build.0 = Debug|Any CPU
		{8A60F8F8-8454-4A53-B5C2-9209E677E8C0}.Release|Any CPU.ActiveCfg = Release|Any CPU
		{8A60F8F8-8454-4A53-B5C2-9209E677E8C0}.Release|Any CPU.Build.0 = Release|Any CPU
		{DB543EE0-9019-471E-99DF-9B6BE256C167}.Debug|Any CPU.ActiveCfg = Debug|Any CPU
		{DB543EE0-9019-471E-99DF-9B6BE256C167}.Debug|Any CPU.Build.0 = Debug|Any CPU
		{DB543EE0-9019-471E-99DF-9B6BE256C167}.Release|Any CPU.ActiveCfg = Release|Any CPU
		{DB543EE0-9019-471E-99DF-9B6BE256C167}.Release|Any CPU.Build.0 = Release|Any CPU
		{D6D79B29-AB24-443D-A192-339D537B14F3}.Debug|Any CPU.ActiveCfg = Debug|Any CPU
		{D6D79B29-AB24-443D-A192-339D537B14F3}.Debug|Any CPU.Build.0 = Debug|Any CPU
		{D6D79B29-AB24-443D-A192-339D537B14F3}.Release|Any CPU.ActiveCfg = Release|Any CPU
		{D6D79B29-AB24-443D-A192-339D537B14F3}.Release|Any CPU.Build.0 = Release|Any CPU
		{F314100E-DEF0-4F2B-BF7E-82139A08F545}.Debug|Any CPU.ActiveCfg = Debug|Any CPU
		{F314100E-DEF0-4F2B-BF7E-82139A08F545}.Debug|Any CPU.Build.0 = Debug|Any CPU
		{F314100E-DEF0-4F2B-BF7E-82139A08F545}.Release|Any CPU.ActiveCfg = Release|Any CPU
		{F314100E-DEF0-4F2B-BF7E-82139A08F545}.Release|Any CPU.Build.0 = Release|Any CPU
		{1E9DCE73-3EE3-485D-A569-A6682B06C20B}.Debug|Any CPU.ActiveCfg = Debug|Any CPU
		{1E9DCE73-3EE3-485D-A569-A6682B06C20B}.Debug|Any CPU.Build.0 = Debug|Any CPU
		{1E9DCE73-3EE3-485D-A569-A6682B06C20B}.Release|Any CPU.ActiveCfg = Release|Any CPU
		{1E9DCE73-3EE3-485D-A569-A6682B06C20B}.Release|Any CPU.Build.0 = Release|Any CPU
		{D89955F5-F7D8-459A-8E98-C4DBFAAEB5F6}.Debug|Any CPU.ActiveCfg = Debug|Any CPU
		{D89955F5-F7D8-459A-8E98-C4DBFAAEB5F6}.Debug|Any CPU.Build.0 = Debug|Any CPU
		{D89955F5-F7D8-459A-8E98-C4DBFAAEB5F6}.Release|Any CPU.ActiveCfg = Release|Any CPU
		{D89955F5-F7D8-459A-8E98-C4DBFAAEB5F6}.Release|Any CPU.Build.0 = Release|Any CPU
		{4AA3D915-A8A1-45A3-842D-4608FB0B8C18}.Debug|Any CPU.ActiveCfg = Debug|Any CPU
		{4AA3D915-A8A1-45A3-842D-4608FB0B8C18}.Debug|Any CPU.Build.0 = Debug|Any CPU
		{4AA3D915-A8A1-45A3-842D-4608FB0B8C18}.Release|Any CPU.ActiveCfg = Release|Any CPU
		{4AA3D915-A8A1-45A3-842D-4608FB0B8C18}.Release|Any CPU.Build.0 = Release|Any CPU
	EndGlobalSection
	GlobalSection(SolutionProperties) = preSolution
		HideSolutionNode = FALSE
	EndGlobalSection
	GlobalSection(ExtensibilityGlobals) = postSolution
		SolutionGuid = {BE8788C5-23C6-4708-A644-94BD010FB77C}
	EndGlobalSection
EndGlobal
