
Microsoft Visual Studio Solution File, Format Version 12.00
# Visual Studio Version 17
VisualStudioVersion = 17.4.33205.214
MinimumVisualStudioVersion = 10.0.40219.1
Project("{9A19103F-16F7-4668-BE54-9A1E7A4F7556}") = "QuestionMark", "QuestionMark\QuestionMark.csproj", "{62A8A882-012D-475F-8C7D-1694237A904F}"
EndProject
Project("{9A19103F-16F7-4668-BE54-9A1E7A4F7556}") = "ForeachWhile", "ForeachWhile\ForeachWhile.csproj", "{A5DCE2B9-B0AB-495B-9425-A328E65AD8DC}"
EndProject
Project("{9A19103F-16F7-4668-BE54-9A1E7A4F7556}") = "RefOut", "RefOut\RefOut.csproj", "{F914551C-9F1F-43F6-9DDB-1D3DFD59AA13}"
EndProject
Project("{9A19103F-16F7-4668-BE54-9A1E7A4F7556}") = "SwitchCase", "SwitchCase\SwitchCase.csproj", "{083CBD83-8C79-4078-88BF-3EA370DCEB6E}"
EndProject
Project("{9A19103F-16F7-4668-BE54-9A1E7A4F7556}") = "RegexTryParse", "RegexTryParse\RegexTryParse.csproj", "{C262EA18-F2E1-455A-9730-0914C4290F48}"
EndProject
Project("{9A19103F-16F7-4668-BE54-9A1E7A4F7556}") = "PartialClass", "PartialClass\PartialClass.csproj", "{9B34825F-ED75-4546-9759-294C6586676A}"
EndProject
Project("{9A19103F-16F7-4668-BE54-9A1E7A4F7556}") = "ArgumentAndParams", "ArgumentAndParams\ArgumentAndParams.csproj", "{3F2477AE-F79F-414E-A8BB-A334F21D1C4A}"
EndProject
Project("{9A19103F-16F7-4668-BE54-9A1E7A4F7556}") = "OopAbstraction", "OopAbstraction\OopAbstraction.csproj", "{8A60F8F8-8454-4A53-B5C2-9209E677E8C0}"
EndProject
Project("{9A19103F-16F7-4668-BE54-9A1E7A4F7556}") = "OopEncapsulation", "OopEncapsulation\OopEncapsulation.csproj", "{DB543EE0-9019-471E-99DF-9B6BE256C167}"
EndProject
Project("{9A19103F-16F7-4668-BE54-9A1E7A4F7556}") = "OopEncapsulationCont", "OopEncapsulationCont\OopEncapsulationCont.csproj", "{D6D79B29-AB24-443D-A192-339D537B14F3}"
EndProject
Project("{9A19103F-16F7-4668-BE54-9A1E7A4F7556}") = "OopEncapsulationProperty", "OopEncapsulationProperty\OopEncapsulationProperty.csproj", "{F314100E-DEF0-4F2B-BF7E-82139A08F545}"
EndProject
Project("{9A19103F-16F7-4668-BE54-9A1E7A4F7556}") = "OopPolymorphismOverloading", "OopPolymorphismOverloading\OopPolymorphismOverloading.csproj", "{1E9DCE73-3EE3-485D-A569-A6682B06C20B}"
EndProject
Project("{9A19103F-16F7-4668-BE54-9A1E7A4F7556}") = "OopPolymorphismOverride", "OopPolymorphismOverride\OopPolymorphismOverride.csproj", "{D89955F5-F7D8-459A-8E98-C4DBFAAEB5F6}"
EndProject
Project("{9A19103F-16F7-4668-BE54-9A1E7A4F7556}") = "OopPolymorphismInterface", "OopPolymorphismInterface\OopPolymorphismInterface.csproj", "{4AA3D915-A8A1-45A3-842D-4608FB0B8C18}"
EndProject
Project("{9A19103F-16F7-4668-BE54-9A1E7A4F7556}") = "ExtentionMethod", "ExtentionMethod\ExtentionMethod.csproj", "{66C44CB6-51AB-4E53-8739-1754BD3B3FBC}"
EndProject
Project("{9A19103F-16F7-4668-BE54-9A1E7A4F7556}") = "ListAndLINQ", "ListAndLINQ\ListAndLINQ.csproj", "{0884328D-7CCE-4377-9475-F2BE110225DB}"
EndProject
Project("{9A19103F-16F7-4668-BE54-9A1E7A4F7556}") = "GenericClass", "GenericClass\GenericClass.csproj", "{B1401BBE-79A5-4F99-A340-BD5F4D95D2D7}"
EndProject
Project("{9A19103F-16F7-4668-BE54-9A1E7A4F7556}") = "DelegateCsharp", "DelegateCsharp\DelegateCsharp.csproj", "{55ECE0F3-2F4B-45E7-9C6D-F1520980BB27}"
EndProject
Project("{9A19103F-16F7-4668-BE54-9A1E7A4F7556}") = "ExeciseOop", "ExeciseOop\ExeciseOop.csproj", "{94DC3425-E949-49D5-931D-6D93C96AD3F6}"
EndProject
Project("{9A19103F-16F7-4668-BE54-9A1E7A4F7556}") = "FuncAndAction", "FuncAndAction\FuncAndAction.csproj", "{6546FADE-F7F7-407A-8668-B2A9B48757C3}"
EndProject
Project("{9A19103F-16F7-4668-BE54-9A1E7A4F7556}") = "UsingTuple", "Tuple\UsingTuple.csproj", "{84DD1479-1ECB-46BF-A34C-573A3BFC6539}"
EndProject
Project("{FAE04EC0-301F-11D3-BF4B-00C04F79EFBC}") = "WindowsFormsApp1", "WindowsFormsApp1\WindowsFormsApp1.csproj", "{31F7F57A-B078-466F-A5F7-8EAF7C6E56DA}"
EndProject
Global
	GlobalSection(SolutionConfigurationPlatforms) = preSolution
		Debug|Any CPU = Debug|Any CPU
		Release|Any CPU = Release|Any CPU
	EndGlobalSection
	GlobalSection(ProjectConfigurationPlatforms) = postSolution
		{62A8A882-012D-475F-8C7D-1694237A904F}.Debug|Any CPU.ActiveCfg = Debug|Any CPU
		{62A8A882-012D-475F-8C7D-1694237A904F}.Debug|Any CPU.Build.0 = Debug|Any CPU
		{62A8A882-012D-475F-8C7D-1694237A904F}.Release|Any CPU.ActiveCfg = Release|Any CPU
		{62A8A882-012D-475F-8C7D-1694237A904F}.Release|Any CPU.Build.0 = Release|Any CPU
		{A5DCE2B9-B0AB-495B-9425-A328E65AD8DC}.Debug|Any CPU.ActiveCfg = Debug|Any CPU
		{A5DCE2B9-B0AB-495B-9425-A328E65AD8DC}.Debug|Any CPU.Build.0 = Debug|Any CPU
		{A5DCE2B9-B0AB-495B-9425-A328E65AD8DC}.Release|Any CPU.ActiveCfg = Release|Any CPU
		{A5DCE2B9-B0AB-495B-9425-A328E65AD8DC}.Release|Any CPU.Build.0 = Release|Any CPU
		{F914551C-9F1F-43F6-9DDB-1D3DFD59AA13}.Debug|Any CPU.ActiveCfg = Debug|Any CPU
		{F914551C-9F1F-43F6-9DDB-1D3DFD59AA13}.Debug|Any CPU.Build.0 = Debug|Any CPU
		{F914551C-9F1F-43F6-9DDB-1D3DFD59AA13}.Release|Any CPU.ActiveCfg = Release|Any CPU
		{F914551C-9F1F-43F6-9DDB-1D3DFD59AA13}.Release|Any CPU.Build.0 = Release|Any CPU
		{083CBD83-8C79-4078-88BF-3EA370DCEB6E}.Debug|Any CPU.ActiveCfg = Debug|Any CPU
		{083CBD83-8C79-4078-88BF-3EA370DCEB6E}.Debug|Any CPU.Build.0 = Debug|Any CPU
		{083CBD83-8C79-4078-88BF-3EA370DCEB6E}.Release|Any CPU.ActiveCfg = Release|Any CPU
		{083CBD83-8C79-4078-88BF-3EA370DCEB6E}.Release|Any CPU.Build.0 = Release|Any CPU
		{C262EA18-F2E1-455A-9730-0914C4290F48}.Debug|Any CPU.ActiveCfg = Debug|Any CPU
		{C262EA18-F2E1-455A-9730-0914C4290F48}.Debug|Any CPU.Build.0 = Debug|Any CPU
		{C262EA18-F2E1-455A-9730-0914C4290F48}.Release|Any CPU.ActiveCfg = Release|Any CPU
		{C262EA18-F2E1-455A-9730-0914C4290F48}.Release|Any CPU.Build.0 = Release|Any CPU
		{9B34825F-ED75-4546-9759-294C6586676A}.Debug|Any CPU.ActiveCfg = Debug|Any CPU
		{9B34825F-ED75-4546-9759-294C6586676A}.Debug|Any CPU.Build.0 = Debug|Any CPU
		{9B34825F-ED75-4546-9759-294C6586676A}.Release|Any CPU.ActiveCfg = Release|Any CPU
		{9B34825F-ED75-4546-9759-294C6586676A}.Release|Any CPU.Build.0 = Release|Any CPU
		{3F2477AE-F79F-414E-A8BB-A334F21D1C4A}.Debug|Any CPU.ActiveCfg = Debug|Any CPU
		{3F2477AE-F79F-414E-A8BB-A334F21D1C4A}.Debug|Any CPU.Build.0 = Debug|Any CPU
		{3F2477AE-F79F-414E-A8BB-A334F21D1C4A}.Release|Any CPU.ActiveCfg = Release|Any CPU
		{3F2477AE-F79F-414E-A8BB-A334F21D1C4A}.Release|Any CPU.Build.0 = Release|Any CPU
		{8A60F8F8-8454-4A53-B5C2-9209E677E8C0}.Debug|Any CPU.ActiveCfg = Debug|Any CPU
		{8A60F8F8-8454-4A53-B5C2-9209E677E8C0}.Debug|Any CPU.Build.0 = Debug|Any CPU
		{8A60F8F8-8454-4A53-B5C2-9209E677E8C0}.Release|Any CPU.ActiveCfg = Release|Any CPU
		{8A60F8F8-8454-4A53-B5C2-9209E677E8C0}.Release|Any CPU.Build.0 = Release|Any CPU
		{DB543EE0-9019-471E-99DF-9B6BE256C167}.Debug|Any CPU.ActiveCfg = Debug|Any CPU
		{DB543EE0-9019-471E-99DF-9B6BE256C167}.Debug|Any CPU.Build.0 = Debug|Any CPU
		{DB543EE0-9019-471E-99DF-9B6BE256C167}.Release|Any CPU.ActiveCfg = Release|Any CPU
		{DB543EE0-9019-471E-99DF-9B6BE256C167}.Release|Any CPU.Build.0 = Release|Any CPU
		{D6D79B29-AB24-443D-A192-339D537B14F3}.Debug|Any CPU.ActiveCfg = Debug|Any CPU
		{D6D79B29-AB24-443D-A192-339D537B14F3}.Debug|Any CPU.Build.0 = Debug|Any CPU
		{D6D79B29-AB24-443D-A192-339D537B14F3}.Release|Any CPU.ActiveCfg = Release|Any CPU
		{D6D79B29-AB24-443D-A192-339D537B14F3}.Release|Any CPU.Build.0 = Release|Any CPU
		{F314100E-DEF0-4F2B-BF7E-82139A08F545}.Debug|Any CPU.ActiveCfg = Debug|Any CPU
		{F314100E-DEF0-4F2B-BF7E-82139A08F545}.Debug|Any CPU.Build.0 = Debug|Any CPU
		{F314100E-DEF0-4F2B-BF7E-82139A08F545}.Release|Any CPU.ActiveCfg = Release|Any CPU
		{F314100E-DEF0-4F2B-BF7E-82139A08F545}.Release|Any CPU.Build.0 = Release|Any CPU
		{1E9DCE73-3EE3-485D-A569-A6682B06C20B}.Debug|Any CPU.ActiveCfg = Debug|Any CPU
		{1E9DCE73-3EE3-485D-A569-A6682B06C20B}.Debug|Any CPU.Build.0 = Debug|Any CPU
		{1E9DCE73-3EE3-485D-A569-A6682B06C20B}.Release|Any CPU.ActiveCfg = Release|Any CPU
		{1E9DCE73-3EE3-485D-A569-A6682B06C20B}.Release|Any CPU.Build.0 = Release|Any CPU
		{D89955F5-F7D8-459A-8E98-C4DBFAAEB5F6}.Debug|Any CPU.ActiveCfg = Debug|Any CPU
		{D89955F5-F7D8-459A-8E98-C4DBFAAEB5F6}.Debug|Any CPU.Build.0 = Debug|Any CPU
		{D89955F5-F7D8-459A-8E98-C4DBFAAEB5F6}.Release|Any CPU.ActiveCfg = Release|Any CPU
		{D89955F5-F7D8-459A-8E98-C4DBFAAEB5F6}.Release|Any CPU.Build.0 = Release|Any CPU
		{4AA3D915-A8A1-45A3-842D-4608FB0B8C18}.Debug|Any CPU.ActiveCfg = Debug|Any CPU
		{4AA3D915-A8A1-45A3-842D-4608FB0B8C18}.Debug|Any CPU.Build.0 = Debug|Any CPU
		{4AA3D915-A8A1-45A3-842D-4608FB0B8C18}.Release|Any CPU.ActiveCfg = Release|Any CPU
		{4AA3D915-A8A1-45A3-842D-4608FB0B8C18}.Release|Any CPU.Build.0 = Release|Any CPU
		{66C44CB6-51AB-4E53-8739-1754BD3B3FBC}.Debug|Any CPU.ActiveCfg = Debug|Any CPU
		{66C44CB6-51AB-4E53-8739-1754BD3B3FBC}.Debug|Any CPU.Build.0 = Debug|Any CPU
		{66C44CB6-51AB-4E53-8739-1754BD3B3FBC}.Release|Any CPU.ActiveCfg = Release|Any CPU
		{66C44CB6-51AB-4E53-8739-1754BD3B3FBC}.Release|Any CPU.Build.0 = Release|Any CPU
		{0884328D-7CCE-4377-9475-F2BE110225DB}.Debug|Any CPU.ActiveCfg = Debug|Any CPU
		{0884328D-7CCE-4377-9475-F2BE110225DB}.Debug|Any CPU.Build.0 = Debug|Any CPU
		{0884328D-7CCE-4377-9475-F2BE110225DB}.Release|Any CPU.ActiveCfg = Release|Any CPU
		{0884328D-7CCE-4377-9475-F2BE110225DB}.Release|Any CPU.Build.0 = Release|Any CPU
		{B1401BBE-79A5-4F99-A340-BD5F4D95D2D7}.Debug|Any CPU.ActiveCfg = Debug|Any CPU
		{B1401BBE-79A5-4F99-A340-BD5F4D95D2D7}.Debug|Any CPU.Build.0 = Debug|Any CPU
		{B1401BBE-79A5-4F99-A340-BD5F4D95D2D7}.Release|Any CPU.ActiveCfg = Release|Any CPU
		{B1401BBE-79A5-4F99-A340-BD5F4D95D2D7}.Release|Any CPU.Build.0 = Release|Any CPU
		{55ECE0F3-2F4B-45E7-9C6D-F1520980BB27}.Debug|Any CPU.ActiveCfg = Debug|Any CPU
		{55ECE0F3-2F4B-45E7-9C6D-F1520980BB27}.Debug|Any CPU.Build.0 = Debug|Any CPU
		{55ECE0F3-2F4B-45E7-9C6D-F1520980BB27}.Release|Any CPU.ActiveCfg = Release|Any CPU
		{55ECE0F3-2F4B-45E7-9C6D-F1520980BB27}.Release|Any CPU.Build.0 = Release|Any CPU
		{94DC3425-E949-49D5-931D-6D93C96AD3F6}.Debug|Any CPU.ActiveCfg = Debug|Any CPU
		{94DC3425-E949-49D5-931D-6D93C96AD3F6}.Debug|Any CPU.Build.0 = Debug|Any CPU
		{94DC3425-E949-49D5-931D-6D93C96AD3F6}.Release|Any CPU.ActiveCfg = Release|Any CPU
		{94DC3425-E949-49D5-931D-6D93C96AD3F6}.Release|Any CPU.Build.0 = Release|Any CPU
		{6546FADE-F7F7-407A-8668-B2A9B48757C3}.Debug|Any CPU.ActiveCfg = Debug|Any CPU
		{6546FADE-F7F7-407A-8668-B2A9B48757C3}.Debug|Any CPU.Build.0 = Debug|Any CPU
		{6546FADE-F7F7-407A-8668-B2A9B48757C3}.Release|Any CPU.ActiveCfg = Release|Any CPU
		{6546FADE-F7F7-407A-8668-B2A9B48757C3}.Release|Any CPU.Build.0 = Release|Any CPU
		{84DD1479-1ECB-46BF-A34C-573A3BFC6539}.Debug|Any CPU.ActiveCfg = Debug|Any CPU
		{84DD1479-1ECB-46BF-A34C-573A3BFC6539}.Debug|Any CPU.Build.0 = Debug|Any CPU
		{84DD1479-1ECB-46BF-A34C-573A3BFC6539}.Release|Any CPU.ActiveCfg = Release|Any CPU
		{84DD1479-1ECB-46BF-A34C-573A3BFC6539}.Release|Any CPU.Build.0 = Release|Any CPU
		{31F7F57A-B078-466F-A5F7-8EAF7C6E56DA}.Debug|Any CPU.ActiveCfg = Debug|Any CPU
		{31F7F57A-B078-466F-A5F7-8EAF7C6E56DA}.Debug|Any CPU.Build.0 = Debug|Any CPU
		{31F7F57A-B078-466F-A5F7-8EAF7C6E56DA}.Release|Any CPU.ActiveCfg = Release|Any CPU
		{31F7F57A-B078-466F-A5F7-8EAF7C6E56DA}.Release|Any CPU.Build.0 = Release|Any CPU
	EndGlobalSection
	GlobalSection(SolutionProperties) = preSolution
		HideSolutionNode = FALSE
	EndGlobalSection
	GlobalSection(ExtensibilityGlobals) = postSolution
		SolutionGuid = {BE8788C5-23C6-4708-A644-94BD010FB77C}
	EndGlobalSection
EndGlobal
